# This file is automatically @generated by Cargo.
# It is not intended for manual editing.
version = 4

[[package]]
name = "chord"
version = "0.1.0"
source = "git+http://localhost:3000/git#39e11b7c1edc42cb96da42b5409a30d85360797d"

[[package]]
name = "test_solana_program"
version = "0.1.0"
dependencies = [
 "chord",
]
